schema: '2.0'
stages:
  train:
    cmd:
    - python train.py data/
    deps:
    - path: data/
      hash: md5
      md5: dc486b811dba3582d667f8ae84e69a23.dir
      size: 131292221
      nfiles: 9736
    - path: params.yaml
      hash: md5
      md5: 3a734360346db1dcd08e1a84cb4aa102
      size: 49
    - path: requirements.txt
      hash: md5
      md5: 33b65719f3f8c6963ad05b9f73e41d46
      size: 130
    - path: train.py
      hash: md5
      md5: dad21e7bdd48be9972742b0d643b68ef
      size: 2972
    outs:
    - path: evaluation
      hash: md5
      md5: f698b90262a826e2db9803ff8a153399.dir
      size: 2627
      nfiles: 5
    - path: model
      hash: md5
      md5: e11a120ea273931924c325603cb5348c.dir
      size: 2784925
      nfiles: 3
  inference:
    cmd: python inference.py data/
    deps:
    - path: data
      hash: md5
      md5: dc486b811dba3582d667f8ae84e69a23.dir
      size: 131292221
      nfiles: 9736
    - path: inference.py
      hash: md5
      md5: e0cdb83c7bdbcb7356bd9504d64f01b4
      size: 2243
    - path: model
      hash: md5
      md5: e11a120ea273931924c325603cb5348c.dir
      size: 2784925
      nfiles: 3
    outs:
    - path: mispredicted
      hash: md5
      md5: 8a56aa90feface8f4e697ff51308f3ee.dir
      size: 202612
      nfiles: 12
    - path: predictions
      hash: md5
      md5: 786914c521ba31e58700dcb0703b60b9.dir
      size: 3097515
      nfiles: 9708
