schema: '2.0'
stages:
  train:
    cmd:
    - python train.py data/
    deps:
    - path: data/
      md5: dc486b811dba3582d667f8ae84e69a23.dir
      size: 131292221
      nfiles: 9736
    - path: params.yaml
      md5: 0c85d384cb96569bf4fdd5e68e64e752
      size: 49
    - path: requirements.txt
      md5: 33b65719f3f8c6963ad05b9f73e41d46
      size: 130
    - path: train.py
      md5: dad21e7bdd48be9972742b0d643b68ef
      size: 2972
    outs:
    - path: evaluation
      md5: 851ae3c306f27b0f23cc96355273a60e.dir
      size: 2629
      nfiles: 5
    - path: model
      md5: 0a9e72b6d772c2c655cd9063d01d3b5e.dir
      size: 2784925
      nfiles: 3
  inference:
    cmd: python inference.py data/
    deps:
    - path: data
      md5: dc486b811dba3582d667f8ae84e69a23.dir
      size: 131292221
      nfiles: 9736
    - path: inference.py
      md5: e0cdb83c7bdbcb7356bd9504d64f01b4
      size: 2243
    - path: model
      md5: 0a9e72b6d772c2c655cd9063d01d3b5e.dir
      size: 2784925
      nfiles: 3
    outs:
    - path: mispredicted
      md5: 0be2c031b18b6d5837358a8acc95e4fd.dir
      size: 529877
      nfiles: 29
    - path: predictions
      md5: be763696f7fd5ba31e37dd6faf57809f.dir
      size: 3098149
      nfiles: 9708
